# This file is automatically @generated by Cargo.
# It is not intended for manual editing.
version = 3

[[package]]
name = "bitintr"
version = "0.3.0"
source = "registry+https://github.com/rust-lang/crates.io-index"
checksum = "7ba5a5c4df8ac8673f22698f443ef1ce3853d7f22d5a15ebf66b9a7553b173dd"

[[package]]
name = "cb-gui"
version = "0.1.0"

[[package]]
name = "cb-srv"
version = "0.1.0"

[[package]]
name = "cb-srv-con"
version = "0.1.0"

[[package]]
name = "cb-tui"
version = "0.1.0"

[[package]]
name = "cc"
version = "1.1.6"
source = "registry+https://github.com/rust-lang/crates.io-index"
checksum = "2aba8f4e9906c7ce3c73463f62a7f0c65183ada1a2d47e397cc8810827f9694f"

[[package]]
name = "chessboard"
version = "0.1.0"
dependencies = [
 "bitintr",
 "cc",
]
